
Microsoft Visual Studio Solution File, Format Version 12.00
# Visual Studio Version 17
VisualStudioVersion = 17.9.34728.123
MinimumVisualStudioVersion = 10.0.40219.1
Project("{FAE04EC0-301F-11D3-BF4B-00C04F79EFBC}") = "MeasuresOfPower", "MeasuresOfPower\MeasuresOfPower.csproj", "{0FECEFAC-9D3A-453E-BF70-C70743E90885}"
EndProject
Global
	GlobalSection(SolutionConfigurationPlatforms) = preSolution
		Debug|Any CPU = Debug|Any CPU
		Release|Any CPU = Release|Any CPU
	EndGlobalSection
	GlobalSection(ProjectConfigurationPlatforms) = postSolution
		{0FECEFAC-9D3A-453E-BF70-C70743E90885}.Debug|Any CPU.ActiveCfg = Debug|Any CPU
		{0FECEFAC-9D3A-453E-BF70-C70743E90885}.Debug|Any CPU.Build.0 = Debug|Any CPU
		{0FECEFAC-9D3A-453E-BF70-C70743E90885}.Release|Any CPU.ActiveCfg = Release|Any CPU
		{0FECEFAC-9D3A-453E-BF70-C70743E90885}.Release|Any CPU.Build.0 = Release|Any CPU
	EndGlobalSection
	GlobalSection(SolutionProperties) = preSolution
		HideSolutionNode = FALSE
	EndGlobalSection
	GlobalSection(ExtensibilityGlobals) = postSolution
		SolutionGuid = {E3797CE1-A384-4024-831A-7EE1F33CC0B1}
	EndGlobalSection
EndGlobal
